// !$*UTF8*$!
{
	archiveVersion = 1;
	classes = {
	};
	objectVersion = 50;
	objects = {

/* Begin PBXBuildFile section */
		54F70DFF26B875A700C5A5D9 /* AppDelegate.swift in Sources */ = {isa = PBXBuildFile; fileRef = 54F70DFE26B875A700C5A5D9 /* AppDelegate.swift */; };
		54F70E0126B875A700C5A5D9 /* SceneDelegate.swift in Sources */ = {isa = PBXBuildFile; fileRef = 54F70E0026B875A700C5A5D9 /* SceneDelegate.swift */; };
		54F70E0626B875A700C5A5D9 /* Main.storyboard in Resources */ = {isa = PBXBuildFile; fileRef = 54F70E0426B875A700C5A5D9 /* Main.storyboard */; };
		54F70E0826B875AA00C5A5D9 /* Assets.xcassets in Resources */ = {isa = PBXBuildFile; fileRef = 54F70E0726B875AA00C5A5D9 /* Assets.xcassets */; };
		54F70E0B26B875AA00C5A5D9 /* LaunchScreen.storyboard in Resources */ = {isa = PBXBuildFile; fileRef = 54F70E0926B875AA00C5A5D9 /* LaunchScreen.storyboard */; };
		54F70E1F26B8771D00C5A5D9 /* NewsViewController.swift in Sources */ = {isa = PBXBuildFile; fileRef = 54F70E1E26B8771D00C5A5D9 /* NewsViewController.swift */; };
		54F70E2126B8772700C5A5D9 /* NewsInteractor.swift in Sources */ = {isa = PBXBuildFile; fileRef = 54F70E2026B8772700C5A5D9 /* NewsInteractor.swift */; };
		54F70E2326B8773300C5A5D9 /* NewsPresenter.swift in Sources */ = {isa = PBXBuildFile; fileRef = 54F70E2226B8773300C5A5D9 /* NewsPresenter.swift */; };
		54F70E2526B8774000C5A5D9 /* NewsEntity.swift in Sources */ = {isa = PBXBuildFile; fileRef = 54F70E2426B8774000C5A5D9 /* NewsEntity.swift */; };
		54F70E2726B8774D00C5A5D9 /* NewsRouter.swift in Sources */ = {isa = PBXBuildFile; fileRef = 54F70E2626B8774D00C5A5D9 /* NewsRouter.swift */; };
		9B0C8BC126C312E9009D71EA /* NewsDetailsPresenter.swift in Sources */ = {isa = PBXBuildFile; fileRef = 9B0C8BC026C312E9009D71EA /* NewsDetailsPresenter.swift */; };
		9B0C8BC426C312FA009D71EA /* NewsDetailsRouter.swift in Sources */ = {isa = PBXBuildFile; fileRef = 9B0C8BC326C312FA009D71EA /* NewsDetailsRouter.swift */; };
		9B0C8BC726C31308009D71EA /* NewsDetailsAssembly.swift in Sources */ = {isa = PBXBuildFile; fileRef = 9B0C8BC626C31308009D71EA /* NewsDetailsAssembly.swift */; };
		9B0C8BCA26C31321009D71EA /* NewsDetailsViewController.swift in Sources */ = {isa = PBXBuildFile; fileRef = 9B0C8BC926C31321009D71EA /* NewsDetailsViewController.swift */; };
		9B0C8BCE26C3186B009D71EA /* UIImageView + Extension.swift in Sources */ = {isa = PBXBuildFile; fileRef = 9B0C8BCD26C3186B009D71EA /* UIImageView + Extension.swift */; };
		9B0C8BD526C319DE009D71EA /* UILabel + Extension.swift in Sources */ = {isa = PBXBuildFile; fileRef = 9B0C8BD426C319DE009D71EA /* UILabel + Extension.swift */; };
		9B0C8BD826C3207E009D71EA /* UIButton + Extension.swift in Sources */ = {isa = PBXBuildFile; fileRef = 9B0C8BD726C3207E009D71EA /* UIButton + Extension.swift */; };
		9B62FDFF26BA6F2A00C09349 /* RSSItemCell.swift in Sources */ = {isa = PBXBuildFile; fileRef = 9B62FDFE26BA6F2A00C09349 /* RSSItemCell.swift */; };
		9B62FE0926BA98FE00C09349 /* .gitignore in Resources */ = {isa = PBXBuildFile; fileRef = 9B62FE0826BA98FE00C09349 /* .gitignore */; };
		9B898F6126C4F408007628F2 /* NetworkService.swift in Sources */ = {isa = PBXBuildFile; fileRef = 9B898F6026C4F408007628F2 /* NetworkService.swift */; };
		9BA0033926BBE5010094D219 /* NewsAssembly.swift in Sources */ = {isa = PBXBuildFile; fileRef = 9BA0033826BBE5010094D219 /* NewsAssembly.swift */; };
		9BA0036F26BC7A580094D219 /* XMLParserService.swift in Sources */ = {isa = PBXBuildFile; fileRef = 9BA0036E26BC7A580094D219 /* XMLParserService.swift */; };
/* End PBXBuildFile section */

/* Begin PBXFileReference section */
		54F70DFB26B875A700C5A5D9 /* RSSFeed App (VIPER).app */ = {isa = PBXFileReference; explicitFileType = wrapper.application; includeInIndex = 0; path = "RSSFeed App (VIPER).app"; sourceTree = BUILT_PRODUCTS_DIR; };
		54F70DFE26B875A700C5A5D9 /* AppDelegate.swift */ = {isa = PBXFileReference; lastKnownFileType = sourcecode.swift; path = AppDelegate.swift; sourceTree = "<group>"; };
		54F70E0026B875A700C5A5D9 /* SceneDelegate.swift */ = {isa = PBXFileReference; lastKnownFileType = sourcecode.swift; path = SceneDelegate.swift; sourceTree = "<group>"; };
		54F70E0526B875A700C5A5D9 /* Base */ = {isa = PBXFileReference; lastKnownFileType = file.storyboard; name = Base; path = Base.lproj/Main.storyboard; sourceTree = "<group>"; };
		54F70E0726B875AA00C5A5D9 /* Assets.xcassets */ = {isa = PBXFileReference; lastKnownFileType = folder.assetcatalog; path = Assets.xcassets; sourceTree = "<group>"; };
		54F70E0A26B875AA00C5A5D9 /* Base */ = {isa = PBXFileReference; lastKnownFileType = file.storyboard; name = Base; path = Base.lproj/LaunchScreen.storyboard; sourceTree = "<group>"; };
		54F70E0C26B875AA00C5A5D9 /* Info.plist */ = {isa = PBXFileReference; lastKnownFileType = text.plist.xml; path = Info.plist; sourceTree = "<group>"; };
		54F70E1E26B8771D00C5A5D9 /* NewsViewController.swift */ = {isa = PBXFileReference; lastKnownFileType = sourcecode.swift; path = NewsViewController.swift; sourceTree = "<group>"; };
		54F70E2026B8772700C5A5D9 /* NewsInteractor.swift */ = {isa = PBXFileReference; lastKnownFileType = sourcecode.swift; path = NewsInteractor.swift; sourceTree = "<group>"; };
		54F70E2226B8773300C5A5D9 /* NewsPresenter.swift */ = {isa = PBXFileReference; lastKnownFileType = sourcecode.swift; path = NewsPresenter.swift; sourceTree = "<group>"; };
		54F70E2426B8774000C5A5D9 /* NewsEntity.swift */ = {isa = PBXFileReference; lastKnownFileType = sourcecode.swift; path = NewsEntity.swift; sourceTree = "<group>"; };
		54F70E2626B8774D00C5A5D9 /* NewsRouter.swift */ = {isa = PBXFileReference; lastKnownFileType = sourcecode.swift; path = NewsRouter.swift; sourceTree = "<group>"; };
		9B0C8BC026C312E9009D71EA /* NewsDetailsPresenter.swift */ = {isa = PBXFileReference; lastKnownFileType = sourcecode.swift; path = NewsDetailsPresenter.swift; sourceTree = "<group>"; };
		9B0C8BC326C312FA009D71EA /* NewsDetailsRouter.swift */ = {isa = PBXFileReference; lastKnownFileType = sourcecode.swift; path = NewsDetailsRouter.swift; sourceTree = "<group>"; };
		9B0C8BC626C31308009D71EA /* NewsDetailsAssembly.swift */ = {isa = PBXFileReference; lastKnownFileType = sourcecode.swift; path = NewsDetailsAssembly.swift; sourceTree = "<group>"; };
		9B0C8BC926C31321009D71EA /* NewsDetailsViewController.swift */ = {isa = PBXFileReference; lastKnownFileType = sourcecode.swift; path = NewsDetailsViewController.swift; sourceTree = "<group>"; };
		9B0C8BCD26C3186B009D71EA /* UIImageView + Extension.swift */ = {isa = PBXFileReference; lastKnownFileType = sourcecode.swift; path = "UIImageView + Extension.swift"; sourceTree = "<group>"; };
		9B0C8BD426C319DE009D71EA /* UILabel + Extension.swift */ = {isa = PBXFileReference; lastKnownFileType = sourcecode.swift; path = "UILabel + Extension.swift"; sourceTree = "<group>"; };
		9B0C8BD726C3207E009D71EA /* UIButton + Extension.swift */ = {isa = PBXFileReference; lastKnownFileType = sourcecode.swift; path = "UIButton + Extension.swift"; sourceTree = "<group>"; };
		9B62FDFE26BA6F2A00C09349 /* RSSItemCell.swift */ = {isa = PBXFileReference; lastKnownFileType = sourcecode.swift; path = RSSItemCell.swift; sourceTree = "<group>"; };
		9B62FE0826BA98FE00C09349 /* .gitignore */ = {isa = PBXFileReference; lastKnownFileType = text; path = .gitignore; sourceTree = "<group>"; };
		9B898F6026C4F408007628F2 /* NetworkService.swift */ = {isa = PBXFileReference; lastKnownFileType = sourcecode.swift; path = NetworkService.swift; sourceTree = "<group>"; };
		9BA0033826BBE5010094D219 /* NewsAssembly.swift */ = {isa = PBXFileReference; lastKnownFileType = sourcecode.swift; path = NewsAssembly.swift; sourceTree = "<group>"; };
		9BA0036E26BC7A580094D219 /* XMLParserService.swift */ = {isa = PBXFileReference; lastKnownFileType = sourcecode.swift; path = XMLParserService.swift; sourceTree = "<group>"; };
/* End PBXFileReference section */

/* Begin PBXFrameworksBuildPhase section */
		54F70DF826B875A700C5A5D9 /* Frameworks */ = {
			isa = PBXFrameworksBuildPhase;
			buildActionMask = 2147483647;
			files = (
			);
			runOnlyForDeploymentPostprocessing = 0;
		};
/* End PBXFrameworksBuildPhase section */

/* Begin PBXGroup section */
		54F70DF226B875A700C5A5D9 = {
			isa = PBXGroup;
			children = (
				9B62FE0826BA98FE00C09349 /* .gitignore */,
				54F70DFD26B875A700C5A5D9 /* RSSFeed App (VIPER) */,
				54F70DFC26B875A700C5A5D9 /* Products */,
			);
			sourceTree = "<group>";
		};
		54F70DFC26B875A700C5A5D9 /* Products */ = {
			isa = PBXGroup;
			children = (
				54F70DFB26B875A700C5A5D9 /* RSSFeed App (VIPER).app */,
			);
			name = Products;
			sourceTree = "<group>";
		};
		54F70DFD26B875A700C5A5D9 /* RSSFeed App (VIPER) */ = {
			isa = PBXGroup;
			children = (
				54F70DFE26B875A700C5A5D9 /* AppDelegate.swift */,
				54F70E0026B875A700C5A5D9 /* SceneDelegate.swift */,
				9B0C8BBB26C312A2009D71EA /* NewsDetails */,
				54F70E2826B8775500C5A5D9 /* News */,
				9BA0037126BC7A5D0094D219 /* Services */,
				9B0C8BD026C3186E009D71EA /* Extensions */,
				54F70E0426B875A700C5A5D9 /* Main.storyboard */,
				54F70E0926B875AA00C5A5D9 /* LaunchScreen.storyboard */,
				54F70E0726B875AA00C5A5D9 /* Assets.xcassets */,
				54F70E0C26B875AA00C5A5D9 /* Info.plist */,
			);
			path = "RSSFeed App (VIPER)";
			sourceTree = "<group>";
		};
		54F70E2826B8775500C5A5D9 /* News */ = {
			isa = PBXGroup;
			children = (
				54F70E1E26B8771D00C5A5D9 /* NewsViewController.swift */,
				54F70E2026B8772700C5A5D9 /* NewsInteractor.swift */,
				54F70E2226B8773300C5A5D9 /* NewsPresenter.swift */,
				54F70E2426B8774000C5A5D9 /* NewsEntity.swift */,
				54F70E2626B8774D00C5A5D9 /* NewsRouter.swift */,
				9BA0033826BBE5010094D219 /* NewsAssembly.swift */,
				9B62FE0126BA6F2E00C09349 /* Cells */,
			);
			path = News;
			sourceTree = "<group>";
		};
		9B0C8BBB26C312A2009D71EA /* NewsDetails */ = {
			isa = PBXGroup;
			children = (
				9B0C8BC926C31321009D71EA /* NewsDetailsViewController.swift */,
				9B0C8BC026C312E9009D71EA /* NewsDetailsPresenter.swift */,
				9B0C8BC326C312FA009D71EA /* NewsDetailsRouter.swift */,
				9B0C8BC626C31308009D71EA /* NewsDetailsAssembly.swift */,
			);
			path = NewsDetails;
			sourceTree = "<group>";
		};
		9B0C8BD026C3186E009D71EA /* Extensions */ = {
			isa = PBXGroup;
			children = (
				9B0C8BCD26C3186B009D71EA /* UIImageView + Extension.swift */,
				9B0C8BD426C319DE009D71EA /* UILabel + Extension.swift */,
				9B0C8BD726C3207E009D71EA /* UIButton + Extension.swift */,
			);
			path = Extensions;
			sourceTree = "<group>";
		};
		9B62FE0126BA6F2E00C09349 /* Cells */ = {
			isa = PBXGroup;
			children = (
				9B62FDFE26BA6F2A00C09349 /* RSSItemCell.swift */,
			);
			path = Cells;
			sourceTree = "<group>";
		};
		9BA0037126BC7A5D0094D219 /* Services */ = {
			isa = PBXGroup;
			children = (
				9BA0036E26BC7A580094D219 /* XMLParserService.swift */,
				9B898F6026C4F408007628F2 /* NetworkService.swift */,
			);
			path = Services;
			sourceTree = "<group>";
		};
/* End PBXGroup section */

/* Begin PBXNativeTarget section */
		54F70DFA26B875A700C5A5D9 /* RSSFeed App (VIPER) */ = {
			isa = PBXNativeTarget;
			buildConfigurationList = 54F70E0F26B875AA00C5A5D9 /* Build configuration list for PBXNativeTarget "RSSFeed App (VIPER)" */;
			buildPhases = (
				54F70DF726B875A700C5A5D9 /* Sources */,
				54F70DF826B875A700C5A5D9 /* Frameworks */,
				54F70DF926B875A700C5A5D9 /* Resources */,
			);
			buildRules = (
			);
			dependencies = (
			);
			name = "RSSFeed App (VIPER)";
			productName = "RSSFeed App (VIPER)";
			productReference = 54F70DFB26B875A700C5A5D9 /* RSSFeed App (VIPER).app */;
			productType = "com.apple.product-type.application";
		};
/* End PBXNativeTarget section */

/* Begin PBXProject section */
		54F70DF326B875A700C5A5D9 /* Project object */ = {
			isa = PBXProject;
			attributes = {
				LastSwiftUpdateCheck = 1250;
				LastUpgradeCheck = 1250;
				TargetAttributes = {
					54F70DFA26B875A700C5A5D9 = {
						CreatedOnToolsVersion = 12.5;
					};
				};
			};
			buildConfigurationList = 54F70DF626B875A700C5A5D9 /* Build configuration list for PBXProject "RSSFeed App (VIPER)" */;
			compatibilityVersion = "Xcode 9.3";
			developmentRegion = en;
			hasScannedForEncodings = 0;
			knownRegions = (
				en,
				Base,
			);
			mainGroup = 54F70DF226B875A700C5A5D9;
			productRefGroup = 54F70DFC26B875A700C5A5D9 /* Products */;
			projectDirPath = "";
			projectRoot = "";
			targets = (
				54F70DFA26B875A700C5A5D9 /* RSSFeed App (VIPER) */,
			);
		};
/* End PBXProject section */

/* Begin PBXResourcesBuildPhase section */
		54F70DF926B875A700C5A5D9 /* Resources */ = {
			isa = PBXResourcesBuildPhase;
			buildActionMask = 2147483647;
			files = (
				9B62FE0926BA98FE00C09349 /* .gitignore in Resources */,
				54F70E0B26B875AA00C5A5D9 /* LaunchScreen.storyboard in Resources */,
				54F70E0826B875AA00C5A5D9 /* Assets.xcassets in Resources */,
				54F70E0626B875A700C5A5D9 /* Main.storyboard in Resources */,
			);
			runOnlyForDeploymentPostprocessing = 0;
		};
/* End PBXResourcesBuildPhase section */

/* Begin PBXSourcesBuildPhase section */
		54F70DF726B875A700C5A5D9 /* Sources */ = {
			isa = PBXSourcesBuildPhase;
			buildActionMask = 2147483647;
			files = (
				9B0C8BCA26C31321009D71EA /* NewsDetailsViewController.swift in Sources */,
				54F70E2126B8772700C5A5D9 /* NewsInteractor.swift in Sources */,
				54F70DFF26B875A700C5A5D9 /* AppDelegate.swift in Sources */,
				54F70E2726B8774D00C5A5D9 /* NewsRouter.swift in Sources */,
				9B0C8BD826C3207E009D71EA /* UIButton + Extension.swift in Sources */,
				9B0C8BC126C312E9009D71EA /* NewsDetailsPresenter.swift in Sources */,
				9B62FDFF26BA6F2A00C09349 /* RSSItemCell.swift in Sources */,
				9B0C8BC426C312FA009D71EA /* NewsDetailsRouter.swift in Sources */,
				9B0C8BD526C319DE009D71EA /* UILabel + Extension.swift in Sources */,
				9BA0033926BBE5010094D219 /* NewsAssembly.swift in Sources */,
				54F70E2326B8773300C5A5D9 /* NewsPresenter.swift in Sources */,
				54F70E0126B875A700C5A5D9 /* SceneDelegate.swift in Sources */,
				54F70E2526B8774000C5A5D9 /* NewsEntity.swift in Sources */,
				9B0C8BCE26C3186B009D71EA /* UIImageView + Extension.swift in Sources */,
				9B898F6126C4F408007628F2 /* NetworkService.swift in Sources */,
				9B0C8BC726C31308009D71EA /* NewsDetailsAssembly.swift in Sources */,
				9BA0036F26BC7A580094D219 /* XMLParserService.swift in Sources */,
				54F70E1F26B8771D00C5A5D9 /* NewsViewController.swift in Sources */,
			);
			runOnlyForDeploymentPostprocessing = 0;
		};
/* End PBXSourcesBuildPhase section */

/* Begin PBXVariantGroup section */
		54F70E0426B875A700C5A5D9 /* Main.storyboard */ = {
			isa = PBXVariantGroup;
			children = (
				54F70E0526B875A700C5A5D9 /* Base */,
			);
			name = Main.storyboard;
			sourceTree = "<group>";
		};
		54F70E0926B875AA00C5A5D9 /* LaunchScreen.storyboard */ = {
			isa = PBXVariantGroup;
			children = (
				54F70E0A26B875AA00C5A5D9 /* Base */,
			);
			name = LaunchScreen.storyboard;
			sourceTree = "<group>";
		};
/* End PBXVariantGroup section */

/* Begin XCBuildConfiguration section */
		54F70E0D26B875AA00C5A5D9 /* Debug */ = {
			isa = XCBuildConfiguration;
			buildSettings = {
				ALWAYS_SEARCH_USER_PATHS = NO;
				CLANG_ANALYZER_NONNULL = YES;
				CLANG_ANALYZER_NUMBER_OBJECT_CONVERSION = YES_AGGRESSIVE;
				CLANG_CXX_LANGUAGE_STANDARD = "gnu++14";
				CLANG_CXX_LIBRARY = "libc++";
				CLANG_ENABLE_MODULES = YES;
				CLANG_ENABLE_OBJC_ARC = YES;
				CLANG_ENABLE_OBJC_WEAK = YES;
				CLANG_WARN_BLOCK_CAPTURE_AUTORELEASING = YES;
				CLANG_WARN_BOOL_CONVERSION = YES;
				CLANG_WARN_COMMA = YES;
				CLANG_WARN_CONSTANT_CONVERSION = YES;
				CLANG_WARN_DEPRECATED_OBJC_IMPLEMENTATIONS = YES;
				CLANG_WARN_DIRECT_OBJC_ISA_USAGE = YES_ERROR;
				CLANG_WARN_DOCUMENTATION_COMMENTS = YES;
				CLANG_WARN_EMPTY_BODY = YES;
				CLANG_WARN_ENUM_CONVERSION = YES;
				CLANG_WARN_INFINITE_RECURSION = YES;
				CLANG_WARN_INT_CONVERSION = YES;
				CLANG_WARN_NON_LITERAL_NULL_CONVERSION = YES;
				CLANG_WARN_OBJC_IMPLICIT_RETAIN_SELF = YES;
				CLANG_WARN_OBJC_LITERAL_CONVERSION = YES;
				CLANG_WARN_OBJC_ROOT_CLASS = YES_ERROR;
				CLANG_WARN_QUOTED_INCLUDE_IN_FRAMEWORK_HEADER = YES;
				CLANG_WARN_RANGE_LOOP_ANALYSIS = YES;
				CLANG_WARN_STRICT_PROTOTYPES = YES;
				CLANG_WARN_SUSPICIOUS_MOVE = YES;
				CLANG_WARN_UNGUARDED_AVAILABILITY = YES_AGGRESSIVE;
				CLANG_WARN_UNREACHABLE_CODE = YES;
				CLANG_WARN__DUPLICATE_METHOD_MATCH = YES;
				COPY_PHASE_STRIP = NO;
				DEBUG_INFORMATION_FORMAT = dwarf;
				ENABLE_STRICT_OBJC_MSGSEND = YES;
				ENABLE_TESTABILITY = YES;
				GCC_C_LANGUAGE_STANDARD = gnu11;
				GCC_DYNAMIC_NO_PIC = NO;
				GCC_NO_COMMON_BLOCKS = YES;
				GCC_OPTIMIZATION_LEVEL = 0;
				GCC_PREPROCESSOR_DEFINITIONS = (
					"DEBUG=1",
					"$(inherited)",
				);
				GCC_WARN_64_TO_32_BIT_CONVERSION = YES;
				GCC_WARN_ABOUT_RETURN_TYPE = YES_ERROR;
				GCC_WARN_UNDECLARED_SELECTOR = YES;
				GCC_WARN_UNINITIALIZED_AUTOS = YES_AGGRESSIVE;
				GCC_WARN_UNUSED_FUNCTION = YES;
				GCC_WARN_UNUSED_VARIABLE = YES;
				IPHONEOS_DEPLOYMENT_TARGET = 14.5;
				MTL_ENABLE_DEBUG_INFO = INCLUDE_SOURCE;
				MTL_FAST_MATH = YES;
				ONLY_ACTIVE_ARCH = YES;
				SDKROOT = iphoneos;
				SWIFT_ACTIVE_COMPILATION_CONDITIONS = DEBUG;
				SWIFT_OPTIMIZATION_LEVEL = "-Onone";
			};
			name = Debug;
		};
		54F70E0E26B875AA00C5A5D9 /* Release */ = {
			isa = XCBuildConfiguration;
			buildSettings = {
				ALWAYS_SEARCH_USER_PATHS = NO;
				CLANG_ANALYZER_NONNULL = YES;
				CLANG_ANALYZER_NUMBER_OBJECT_CONVERSION = YES_AGGRESSIVE;
				CLANG_CXX_LANGUAGE_STANDARD = "gnu++14";
				CLANG_CXX_LIBRARY = "libc++";
				CLANG_ENABLE_MODULES = YES;
				CLANG_ENABLE_OBJC_ARC = YES;
				CLANG_ENABLE_OBJC_WEAK = YES;
				CLANG_WARN_BLOCK_CAPTURE_AUTORELEASING = YES;
				CLANG_WARN_BOOL_CONVERSION = YES;
				CLANG_WARN_COMMA = YES;
				CLANG_WARN_CONSTANT_CONVERSION = YES;
				CLANG_WARN_DEPRECATED_OBJC_IMPLEMENTATIONS = YES;
				CLANG_WARN_DIRECT_OBJC_ISA_USAGE = YES_ERROR;
				CLANG_WARN_DOCUMENTATION_COMMENTS = YES;
				CLANG_WARN_EMPTY_BODY = YES;
				CLANG_WARN_ENUM_CONVERSION = YES;
				CLANG_WARN_INFINITE_RECURSION = YES;
				CLANG_WARN_INT_CONVERSION = YES;
				CLANG_WARN_NON_LITERAL_NULL_CONVERSION = YES;
				CLANG_WARN_OBJC_IMPLICIT_RETAIN_SELF = YES;
				CLANG_WARN_OBJC_LITERAL_CONVERSION = YES;
				CLANG_WARN_OBJC_ROOT_CLASS = YES_ERROR;
				CLANG_WARN_QUOTED_INCLUDE_IN_FRAMEWORK_HEADER = YES;
				CLANG_WARN_RANGE_LOOP_ANALYSIS = YES;
				CLANG_WARN_STRICT_PROTOTYPES = YES;
				CLANG_WARN_SUSPICIOUS_MOVE = YES;
				CLANG_WARN_UNGUARDED_AVAILABILITY = YES_AGGRESSIVE;
				CLANG_WARN_UNREACHABLE_CODE = YES;
				CLANG_WARN__DUPLICATE_METHOD_MATCH = YES;
				COPY_PHASE_STRIP = NO;
				DEBUG_INFORMATION_FORMAT = "dwarf-with-dsym";
				ENABLE_NS_ASSERTIONS = NO;
				ENABLE_STRICT_OBJC_MSGSEND = YES;
				GCC_C_LANGUAGE_STANDARD = gnu11;
				GCC_NO_COMMON_BLOCKS = YES;
				GCC_WARN_64_TO_32_BIT_CONVERSION = YES;
				GCC_WARN_ABOUT_RETURN_TYPE = YES_ERROR;
				GCC_WARN_UNDECLARED_SELECTOR = YES;
				GCC_WARN_UNINITIALIZED_AUTOS = YES_AGGRESSIVE;
				GCC_WARN_UNUSED_FUNCTION = YES;
				GCC_WARN_UNUSED_VARIABLE = YES;
				IPHONEOS_DEPLOYMENT_TARGET = 14.5;
				MTL_ENABLE_DEBUG_INFO = NO;
				MTL_FAST_MATH = YES;
				SDKROOT = iphoneos;
				SWIFT_COMPILATION_MODE = wholemodule;
				SWIFT_OPTIMIZATION_LEVEL = "-O";
				VALIDATE_PRODUCT = YES;
			};
			name = Release;
		};
		54F70E1026B875AA00C5A5D9 /* Debug */ = {
			isa = XCBuildConfiguration;
			buildSettings = {
				ASSETCATALOG_COMPILER_APPICON_NAME = AppIcon;
				ASSETCATALOG_COMPILER_GLOBAL_ACCENT_COLOR_NAME = AccentColor;
				CODE_SIGN_STYLE = Automatic;
				DEVELOPMENT_TEAM = SNTV3Z3M9K;
				INFOPLIST_FILE = "RSSFeed App (VIPER)/Info.plist";
				IPHONEOS_DEPLOYMENT_TARGET = 13.0;
				LD_RUNPATH_SEARCH_PATHS = (
					"$(inherited)",
					"@executable_path/Frameworks",
				);
				PRODUCT_BUNDLE_IDENTIFIER = "Tsibulko.RSSFeed-App--VIPER-";
				PRODUCT_NAME = "$(TARGET_NAME)";
				SWIFT_VERSION = 5.0;
				TARGETED_DEVICE_FAMILY = 1;
			};
			name = Debug;
		};
		54F70E1126B875AA00C5A5D9 /* Release */ = {
			isa = XCBuildConfiguration;
			buildSettings = {
				ASSETCATALOG_COMPILER_APPICON_NAME = AppIcon;
				ASSETCATALOG_COMPILER_GLOBAL_ACCENT_COLOR_NAME = AccentColor;
				CODE_SIGN_STYLE = Automatic;
				DEVELOPMENT_TEAM = SNTV3Z3M9K;
				INFOPLIST_FILE = "RSSFeed App (VIPER)/Info.plist";
				IPHONEOS_DEPLOYMENT_TARGET = 13.0;
				LD_RUNPATH_SEARCH_PATHS = (
					"$(inherited)",
					"@executable_path/Frameworks",
				);
				PRODUCT_BUNDLE_IDENTIFIER = "Tsibulko.RSSFeed-App--VIPER-";
				PRODUCT_NAME = "$(TARGET_NAME)";
				SWIFT_VERSION = 5.0;
				TARGETED_DEVICE_FAMILY = 1;
			};
			name = Release;
		};
/* End XCBuildConfiguration section */

/* Begin XCConfigurationList section */
		54F70DF626B875A700C5A5D9 /* Build configuration list for PBXProject "RSSFeed App (VIPER)" */ = {
			isa = XCConfigurationList;
			buildConfigurations = (
				54F70E0D26B875AA00C5A5D9 /* Debug */,
				54F70E0E26B875AA00C5A5D9 /* Release */,
			);
			defaultConfigurationIsVisible = 0;
			defaultConfigurationName = Release;
		};
		54F70E0F26B875AA00C5A5D9 /* Build configuration list for PBXNativeTarget "RSSFeed App (VIPER)" */ = {
			isa = XCConfigurationList;
			buildConfigurations = (
				54F70E1026B875AA00C5A5D9 /* Debug */,
				54F70E1126B875AA00C5A5D9 /* Release */,
			);
			defaultConfigurationIsVisible = 0;
			defaultConfigurationName = Release;
		};
/* End XCConfigurationList section */
	};
	rootObject = 54F70DF326B875A700C5A5D9 /* Project object */;
}
